
Microsoft Visual Studio Solution File, Format Version 12.00
# Visual Studio Version 17
VisualStudioVersion = 17.3.32929.385
MinimumVisualStudioVersion = 10.0.40219.1
Project("{FAE04EC0-301F-11D3-BF4B-00C04F79EFBC}") = "csharp-biblioteca-db", "csharp-biblioteca-db.csproj", "{EFA44084-A63F-493E-93CB-1A2C96DFA3E5}"
EndProject
Global
	GlobalSection(SolutionConfigurationPlatforms) = preSolution
		Debug|Any CPU = Debug|Any CPU
		Release|Any CPU = Release|Any CPU
	EndGlobalSection
	GlobalSection(ProjectConfigurationPlatforms) = postSolution
		{EFA44084-A63F-493E-93CB-1A2C96DFA3E5}.Debug|Any CPU.ActiveCfg = Debug|Any CPU
		{EFA44084-A63F-493E-93CB-1A2C96DFA3E5}.Debug|Any CPU.Build.0 = Debug|Any CPU
		{EFA44084-A63F-493E-93CB-1A2C96DFA3E5}.Release|Any CPU.ActiveCfg = Release|Any CPU
		{EFA44084-A63F-493E-93CB-1A2C96DFA3E5}.Release|Any CPU.Build.0 = Release|Any CPU
	EndGlobalSection
	GlobalSection(SolutionProperties) = preSolution
		HideSolutionNode = FALSE
	EndGlobalSection
	GlobalSection(ExtensibilityGlobals) = postSolution
		SolutionGuid = {61A0E0E6-32AF-412D-82D8-E706D0438713}
	EndGlobalSection
EndGlobal
